{
  "version": 4,
  "terraform_version": "0.14.2",
  "serial": 1353,
  "lineage": "58e1130b-cf51-e65b-305c-76cf86a80032",
  "outputs": {},
  "resources": [
    {
      "mode": "managed",
      "type": "aws_autoscaling_group",
      "name": "Demo-ASG-tf",
      "provider": "provider[\"registry.terraform.io/hashicorp/aws\"]",
      "instances": [
        {
          "schema_version": 0,
          "attributes": {
            "arn": "arn:aws:autoscaling:ap-south-1:502203921648:autoScalingGroup:d28af45e-008a-404b-ae99-d53ef5c71f31:autoScalingGroupName/Demo2-ASG-tf",
            "availability_zones": [
              "ap-south-1a",
              "ap-south-1b"
            ],
            "capacity_rebalance": false,
            "default_cooldown": 300,
            "desired_capacity": 2,
            "enabled_metrics": [],
            "force_delete": true,
            "force_delete_warm_pool": false,
            "health_check_grace_period": 300,
            "health_check_type": "EC2",
            "id": "Demo2-ASG-tf",
            "initial_lifecycle_hook": [],
            "instance_refresh": [
              {
                "preferences": [
                  {
                    "checkpoint_delay": "",
                    "checkpoint_percentages": [],
                    "instance_warmup": "",
                    "min_healthy_percentage": 0
                  }
                ],
                "strategy": "Rolling",
                "triggers": [
                  "tag"
                ]
              }
            ],
            "launch_configuration": "webserver-launch-config20220516090224823800000001",
            "launch_template": [],
            "load_balancers": [],
            "max_instance_lifetime": 0,
            "max_size": 4,
            "metrics_granularity": "1Minute",
            "min_elb_capacity": null,
            "min_size": 2,
            "mixed_instances_policy": [],
            "name": "Demo2-ASG-tf",
            "name_prefix": "",
            "placement_group": "",
            "protect_from_scale_in": false,
            "service_linked_role_arn": "arn:aws:iam::502203921648:role/aws-service-role/autoscaling.amazonaws.com/AWSServiceRoleForAutoScaling",
            "suspended_processes": [],
            "tag": [
              {
                "key": "Name",
                "propagate_at_launch": true,
                "value": "Demo1-ASG-tf"
              }
            ],
            "tags": null,
            "target_group_arns": [
              "arn:aws:elasticloadbalancing:ap-south-1:502203921648:targetgroup/Demo1-TargetGroup-tf/c596ef1a4a5e1b89"
            ],
            "termination_policies": [],
            "timeouts": null,
            "vpc_zone_identifier": [
              "subnet-021353de6919a12c9",
              "subnet-07b53fcf478d789ef"
            ],
            "wait_for_capacity_timeout": "10m",
            "wait_for_elb_capacity": null,
            "warm_pool": []
          },
          "sensitive_attributes": []
        }
      ]
    },
    {
      "mode": "managed",
      "type": "aws_eip",
      "name": "eip_natgw1",
      "provider": "provider[\"registry.terraform.io/hashicorp/aws\"]",
      "instances": [
        {
          "index_key": 0,
          "schema_version": 0,
          "attributes": {
            "address": null,
            "allocation_id": "eipalloc-041469978df3cd1f6",
            "associate_with_private_ip": null,
            "association_id": "eipassoc-05bc321734d695813",
            "carrier_ip": "",
            "customer_owned_ip": "",
            "customer_owned_ipv4_pool": "",
            "domain": "vpc",
            "id": "eipalloc-041469978df3cd1f6",
            "instance": "",
            "network_border_group": "ap-south-1",
            "network_interface": "eni-0ae6775280f036e30",
            "private_dns": "ip-172-16-1-205.ap-south-1.compute.internal",
            "private_ip": "172.16.1.205",
            "public_dns": "ec2-3-108-102-194.ap-south-1.compute.amazonaws.com",
            "public_ip": "3.108.102.194",
            "public_ipv4_pool": "amazon",
            "tags": {},
            "tags_all": {},
            "timeouts": null,
            "vpc": true
          },
          "sensitive_attributes": [],
          "private": "eyJlMmJmYjczMC1lY2FhLTExZTYtOGY4OC0zNDM2M2JjN2M0YzAiOnsiZGVsZXRlIjoxODAwMDAwMDAwMDAsInJlYWQiOjkwMDAwMDAwMDAwMCwidXBkYXRlIjozMDAwMDAwMDAwMDB9fQ=="
        }
      ]
    },
    {
      "mode": "managed",
      "type": "aws_eip",
      "name": "eip_natgw2",
      "provider": "provider[\"registry.terraform.io/hashicorp/aws\"]",
      "instances": [
        {
          "index_key": 0,
          "schema_version": 0,
          "attributes": {
            "address": null,
            "allocation_id": "eipalloc-09f7369ddb46f91f0",
            "associate_with_private_ip": null,
            "association_id": "eipassoc-03af514201da2a626",
            "carrier_ip": "",
            "customer_owned_ip": "",
            "customer_owned_ipv4_pool": "",
            "domain": "vpc",
            "id": "eipalloc-09f7369ddb46f91f0",
            "instance": "",
            "network_border_group": "ap-south-1",
            "network_interface": "eni-0237f44c635e02d4f",
            "private_dns": "ip-172-16-2-209.ap-south-1.compute.internal",
            "private_ip": "172.16.2.209",
            "public_dns": "ec2-13-235-35-240.ap-south-1.compute.amazonaws.com",
            "public_ip": "13.235.35.240",
            "public_ipv4_pool": "amazon",
            "tags": {},
            "tags_all": {},
            "timeouts": null,
            "vpc": true
          },
          "sensitive_attributes": [],
          "private": "eyJlMmJmYjczMC1lY2FhLTExZTYtOGY4OC0zNDM2M2JjN2M0YzAiOnsiZGVsZXRlIjoxODAwMDAwMDAwMDAsInJlYWQiOjkwMDAwMDAwMDAwMCwidXBkYXRlIjozMDAwMDAwMDAwMDB9fQ=="
        }
      ]
    },
    {
      "mode": "managed",
      "type": "aws_iam_instance_profile",
      "name": "test_profile",
      "provider": "provider[\"registry.terraform.io/hashicorp/aws\"]",
      "instances": [
        {
          "schema_version": 0,
          "attributes": {
            "arn": "arn:aws:iam::502203921648:instance-profile/test_profile-4",
            "create_date": "2022-05-16T09:02:22Z",
            "id": "test_profile-4",
            "name": "test_profile-4",
            "name_prefix": null,
            "path": "/",
            "role": "s3-role-4",
            "tags": {},
            "tags_all": {},
            "unique_id": "AIPAXJ3NPWTYJD32FMX3I"
          },
          "sensitive_attributes": [],
          "private": "bnVsbA==",
          "dependencies": [
            "aws_iam_role.ec2_s3_access_role"
          ],
          "create_before_destroy": true
        }
      ]
    },
    {
      "mode": "managed",
      "type": "aws_iam_policy",
      "name": "policy",
      "provider": "provider[\"registry.terraform.io/hashicorp/aws\"]",
      "instances": [
        {
          "schema_version": 0,
          "attributes": {
            "arn": "arn:aws:iam::502203921648:policy/test-policy-4",
            "description": "A test policy",
            "id": "arn:aws:iam::502203921648:policy/test-policy-4",
            "name": "test-policy-4",
            "name_prefix": null,
            "path": "/",
            "policy": "{\"Statement\":[{\"Action\":\"s3:*\",\"Effect\":\"Allow\",\"Resource\":\"*\"}],\"Version\":\"2012-10-17\"}",
            "policy_id": "ANPAXJ3NPWTYKIGT2UQCJ",
            "tags": {},
            "tags_all": {}
          },
          "sensitive_attributes": [],
          "private": "bnVsbA=="
        }
      ]
    },
    {
      "mode": "managed",
      "type": "aws_iam_policy_attachment",
      "name": "test-attach",
      "provider": "provider[\"registry.terraform.io/hashicorp/aws\"]",
      "instances": [
        {
          "schema_version": 0,
          "attributes": {
            "groups": [],
            "id": "test-attachment-4",
            "name": "test-attachment-4",
            "policy_arn": "arn:aws:iam::502203921648:policy/test-policy-4",
            "roles": [
              "s3-role-4"
            ],
            "users": []
          },
          "sensitive_attributes": []
        }
      ]
    },
    {
      "mode": "managed",
      "type": "aws_iam_role",
      "name": "ec2_s3_access_role",
      "provider": "provider[\"registry.terraform.io/hashicorp/aws\"]",
      "instances": [
        {
          "schema_version": 0,
          "attributes": {
            "arn": "arn:aws:iam::502203921648:role/s3-role-4",
            "assume_role_policy": "{\"Version\":\"2012-10-17\",\"Statement\":[{\"Sid\":\"\",\"Effect\":\"Allow\",\"Principal\":{\"Service\":\"ec2.amazonaws.com\"},\"Action\":\"sts:AssumeRole\"}]}",
            "create_date": "2022-05-16T09:02:20Z",
            "description": "",
            "force_detach_policies": false,
            "id": "s3-role-4",
            "inline_policy": [
              {
                "name": "",
                "policy": ""
              }
            ],
            "managed_policy_arns": [
              "arn:aws:iam::502203921648:policy/test-policy-4"
            ],
            "max_session_duration": 3600,
            "name": "s3-role-4",
            "name_prefix": "",
            "path": "/",
            "permissions_boundary": null,
            "tags": {},
            "tags_all": {},
            "unique_id": "AROAXJ3NPWTYKMPCOCILR"
          },
          "sensitive_attributes": [],
          "private": "bnVsbA==",
          "create_before_destroy": true
        }
      ]
    },
    {
      "mode": "managed",
      "type": "aws_instance",
      "name": "Bastion-Host",
      "provider": "provider[\"registry.terraform.io/hashicorp/aws\"]",
      "instances": [
        {
          "schema_version": 1,
          "attributes": {
            "ami": "ami-010aff33ed5991201",
            "arn": "arn:aws:ec2:ap-south-1:502203921648:instance/i-037955653e14dd6ff",
            "associate_public_ip_address": true,
            "availability_zone": "ap-south-1a",
            "capacity_reservation_specification": [
              {
                "capacity_reservation_preference": "open",
                "capacity_reservation_target": []
              }
            ],
            "cpu_core_count": 1,
            "cpu_threads_per_core": 1,
            "credit_specification": [
              {
                "cpu_credits": "standard"
              }
            ],
            "disable_api_termination": false,
            "ebs_block_device": [],
            "ebs_optimized": false,
            "enclave_options": [
              {
                "enabled": false
              }
            ],
            "ephemeral_block_device": [],
            "get_password_data": false,
            "hibernation": false,
            "host_id": null,
            "iam_instance_profile": "",
            "id": "i-037955653e14dd6ff",
            "instance_initiated_shutdown_behavior": "stop",
            "instance_state": "running",
            "instance_type": "t2.micro",
            "ipv6_address_count": 0,
            "ipv6_addresses": [],
            "key_name": "ec2-bastion",
            "launch_template": [],
            "maintenance_options": [
              {
                "auto_recovery": "default"
              }
            ],
            "metadata_options": [
              {
                "http_endpoint": "enabled",
                "http_put_response_hop_limit": 1,
                "http_tokens": "optional",
                "instance_metadata_tags": "disabled"
              }
            ],
            "monitoring": false,
            "network_interface": [],
            "outpost_arn": "",
            "password_data": "",
            "placement_group": "",
            "placement_partition_number": null,
            "primary_network_interface_id": "eni-012328b68ae23a7ce",
            "private_dns": "ip-172-16-1-161.ap-south-1.compute.internal",
            "private_ip": "172.16.1.161",
            "public_dns": "",
            "public_ip": "35.154.23.126",
            "root_block_device": [
              {
                "delete_on_termination": true,
                "device_name": "/dev/xvda",
                "encrypted": false,
                "iops": 100,
                "kms_key_id": "",
                "tags": {},
                "throughput": 0,
                "volume_id": "vol-0fc313cb0c5ee2a27",
                "volume_size": 8,
                "volume_type": "gp2"
              }
            ],
            "secondary_private_ips": [],
            "security_groups": [],
            "source_dest_check": true,
            "subnet_id": "subnet-0d540071353ce1fe3",
            "tags": {
              "Name": "Bastion-Host"
            },
            "tags_all": {
              "Name": "Bastion-Host"
            },
            "tenancy": "default",
            "timeouts": null,
            "user_data": null,
            "user_data_base64": null,
            "user_data_replace_on_change": false,
            "volume_tags": null,
            "vpc_security_group_ids": [
              "sg-011dc156d02c35a2f"
            ]
          },
          "sensitive_attributes": []
        }
      ]
    },
    {
      "mode": "managed",
      "type": "aws_internet_gateway",
      "name": "igw",
      "provider": "provider[\"registry.terraform.io/hashicorp/aws\"]",
      "instances": [
        {
          "schema_version": 0,
          "attributes": {
            "arn": "arn:aws:ec2:ap-south-1:502203921648:internet-gateway/igw-08ab094f88e2bf11c",
            "id": "igw-08ab094f88e2bf11c",
            "owner_id": "502203921648",
            "tags": {
              "Name": "internet gateway",
              "Project": "demo-assignment"
            },
            "tags_all": {
              "Name": "internet gateway",
              "Project": "demo-assignment"
            },
            "vpc_id": "vpc-09b0762cb83aff7a1"
          },
          "sensitive_attributes": [],
          "private": "bnVsbA==",
          "dependencies": [
            "aws_vpc.main"
          ]
        }
      ]
    },
    {
      "mode": "managed",
      "type": "aws_launch_configuration",
      "name": "webserver-launch-config",
      "provider": "provider[\"registry.terraform.io/hashicorp/aws\"]",
      "instances": [
        {
          "schema_version": 0,
          "attributes": {
            "arn": "arn:aws:autoscaling:ap-south-1:502203921648:launchConfiguration:7a2a2cbd-8e74-4bf6-a8f9-247a27b685c3:launchConfigurationName/webserver-launch-config20220516090224823800000001",
            "associate_public_ip_address": false,
            "ebs_block_device": [
              {
                "delete_on_termination": true,
                "device_name": "/dev/sdf",
                "encrypted": true,
                "iops": 0,
                "no_device": false,
                "snapshot_id": "",
                "throughput": 0,
                "volume_size": 5,
                "volume_type": "gp2"
              }
            ],
            "ebs_optimized": false,
            "enable_monitoring": true,
            "ephemeral_block_device": [],
            "iam_instance_profile": "test_profile-4",
            "id": "webserver-launch-config20220516090224823800000001",
            "image_id": "ami-010aff33ed5991201",
            "instance_type": "t2.micro",
            "key_name": "ec2-bastion",
            "metadata_options": [],
            "name": "webserver-launch-config20220516090224823800000001",
            "name_prefix": "webserver-launch-config",
            "placement_tenancy": null,
            "root_block_device": [
              {
                "delete_on_termination": true,
                "encrypted": true,
                "iops": 0,
                "throughput": 0,
                "volume_size": 10,
                "volume_type": "gp2"
              }
            ],
            "security_groups": [
              "sg-011dc156d02c35a2f"
            ],
            "spot_price": "",
            "user_data": "6f197f6d9dca1ee51978c6ad285d63d0a600812c",
            "user_data_base64": null,
            "vpc_classic_link_id": "",
            "vpc_classic_link_security_groups": []
          },
          "sensitive_attributes": [],
          "private": "bnVsbA==",
          "dependencies": [
            "aws_iam_instance_profile.test_profile",
            "aws_iam_role.ec2_s3_access_role",
            "aws_security_group.webserver_sg",
            "aws_vpc.main"
          ],
          "create_before_destroy": true
        }
      ]
    },
    {
      "mode": "managed",
      "type": "aws_lb",
      "name": "ALB-tf",
      "provider": "provider[\"registry.terraform.io/hashicorp/aws\"]",
      "instances": [
        {
          "schema_version": 0,
          "attributes": {
            "access_logs": [
              {
                "bucket": "",
                "enabled": false,
                "prefix": ""
              }
            ],
            "arn": "arn:aws:elasticloadbalancing:ap-south-1:502203921648:loadbalancer/app/Demo1-ALG-tf/34c81348c728233c",
            "arn_suffix": "app/Demo1-ALG-tf/34c81348c728233c",
            "customer_owned_ipv4_pool": "",
            "desync_mitigation_mode": "defensive",
            "dns_name": "Demo1-ALG-tf-211896571.ap-south-1.elb.amazonaws.com",
            "drop_invalid_header_fields": false,
            "enable_cross_zone_load_balancing": null,
            "enable_deletion_protection": false,
            "enable_http2": true,
            "enable_waf_fail_open": false,
            "id": "arn:aws:elasticloadbalancing:ap-south-1:502203921648:loadbalancer/app/Demo1-ALG-tf/34c81348c728233c",
            "idle_timeout": 60,
            "internal": false,
            "ip_address_type": "ipv4",
            "load_balancer_type": "application",
            "name": "Demo1-ALG-tf",
            "name_prefix": null,
            "security_groups": [
              "sg-0e80859778b352a67"
            ],
            "subnet_mapping": [
              {
                "allocation_id": "",
                "ipv6_address": "",
                "outpost_id": "",
                "private_ipv4_address": "",
                "subnet_id": "subnet-00987a565ed287b46"
              },
              {
                "allocation_id": "",
                "ipv6_address": "",
                "outpost_id": "",
                "private_ipv4_address": "",
                "subnet_id": "subnet-0d540071353ce1fe3"
              }
            ],
            "subnets": [
              "subnet-00987a565ed287b46",
              "subnet-0d540071353ce1fe3"
            ],
            "tags": {
              "Project": "demo-assignment",
              "name": "Demo2-AppLoadBalancer-tf"
            },
            "tags_all": {
              "Project": "demo-assignment",
              "name": "Demo2-AppLoadBalancer-tf"
            },
            "timeouts": null,
            "vpc_id": "vpc-09b0762cb83aff7a1",
            "zone_id": "ZP97RAFLXTNZK"
          },
          "sensitive_attributes": [],
          "private": "eyJlMmJmYjczMC1lY2FhLTExZTYtOGY4OC0zNDM2M2JjN2M0YzAiOnsiY3JlYXRlIjo2MDAwMDAwMDAwMDAsImRlbGV0ZSI6NjAwMDAwMDAwMDAwLCJ1cGRhdGUiOjYwMDAwMDAwMDAwMH19",
          "dependencies": [
            "aws_security_group.elb_sg",
            "aws_subnet.pub_sub1",
            "aws_subnet.pub_sub2",
            "aws_vpc.main"
          ]
        }
      ]
    },
    {
      "mode": "managed",
      "type": "aws_lb_listener",
      "name": "front_end",
      "provider": "provider[\"registry.terraform.io/hashicorp/aws\"]",
      "instances": [
        {
          "schema_version": 0,
          "attributes": {
            "alpn_policy": null,
            "arn": "arn:aws:elasticloadbalancing:ap-south-1:502203921648:listener/app/Demo1-ALG-tf/34c81348c728233c/07c7de494acec7fa",
            "certificate_arn": null,
            "default_action": [
              {
                "authenticate_cognito": [],
                "authenticate_oidc": [],
                "fixed_response": [],
                "forward": [],
                "order": 1,
                "redirect": [],
                "target_group_arn": "arn:aws:elasticloadbalancing:ap-south-1:502203921648:targetgroup/Demo1-TargetGroup-tf/c596ef1a4a5e1b89",
                "type": "forward"
              }
            ],
            "id": "arn:aws:elasticloadbalancing:ap-south-1:502203921648:listener/app/Demo1-ALG-tf/34c81348c728233c/07c7de494acec7fa",
            "load_balancer_arn": "arn:aws:elasticloadbalancing:ap-south-1:502203921648:loadbalancer/app/Demo1-ALG-tf/34c81348c728233c",
            "port": 80,
            "protocol": "HTTP",
            "ssl_policy": "",
            "tags": {},
            "tags_all": {},
            "timeouts": null
          },
          "sensitive_attributes": []
        }
      ]
    },
    {
      "mode": "managed",
      "type": "aws_lb_target_group",
      "name": "TG-tf",
      "provider": "provider[\"registry.terraform.io/hashicorp/aws\"]",
      "instances": [
        {
          "schema_version": 0,
          "attributes": {
            "arn": "arn:aws:elasticloadbalancing:ap-south-1:502203921648:targetgroup/Demo1-TargetGroup-tf/c596ef1a4a5e1b89",
            "arn_suffix": "targetgroup/Demo1-TargetGroup-tf/c596ef1a4a5e1b89",
            "connection_termination": false,
            "deregistration_delay": "300",
            "health_check": [
              {
                "enabled": true,
                "healthy_threshold": 2,
                "interval": 70,
                "matcher": "200,202",
                "path": "/index.html",
                "port": "80",
                "protocol": "HTTP",
                "timeout": 60,
                "unhealthy_threshold": 2
              }
            ],
            "id": "arn:aws:elasticloadbalancing:ap-south-1:502203921648:targetgroup/Demo1-TargetGroup-tf/c596ef1a4a5e1b89",
            "lambda_multi_value_headers_enabled": false,
            "load_balancing_algorithm_type": "round_robin",
            "name": "Demo1-TargetGroup-tf",
            "name_prefix": null,
            "port": 80,
            "preserve_client_ip": null,
            "protocol": "HTTP",
            "protocol_version": "HTTP1",
            "proxy_protocol_v2": false,
            "slow_start": 0,
            "stickiness": [
              {
                "cookie_duration": 86400,
                "cookie_name": "",
                "enabled": false,
                "type": "lb_cookie"
              }
            ],
            "tags": {},
            "tags_all": {},
            "target_type": "instance",
            "vpc_id": "vpc-09b0762cb83aff7a1"
          },
          "sensitive_attributes": [],
          "private": "bnVsbA==",
          "dependencies": [
            "aws_vpc.main"
          ]
        }
      ]
    },
    {
      "mode": "managed",
      "type": "aws_nat_gateway",
      "name": "natgateway_1",
      "provider": "provider[\"registry.terraform.io/hashicorp/aws\"]",
      "instances": [
        {
          "index_key": 0,
          "schema_version": 0,
          "attributes": {
            "allocation_id": "eipalloc-041469978df3cd1f6",
            "connectivity_type": "public",
            "id": "nat-0ada444d43db602eb",
            "network_interface_id": "eni-0ae6775280f036e30",
            "private_ip": "172.16.1.205",
            "public_ip": "3.108.102.194",
            "subnet_id": "subnet-0d540071353ce1fe3",
            "tags": {},
            "tags_all": {}
          },
          "sensitive_attributes": [],
          "private": "bnVsbA==",
          "dependencies": [
            "aws_eip.eip_natgw1",
            "aws_subnet.pub_sub1",
            "aws_vpc.main"
          ]
        }
      ]
    },
    {
      "mode": "managed",
      "type": "aws_nat_gateway",
      "name": "natgateway_2",
      "provider": "provider[\"registry.terraform.io/hashicorp/aws\"]",
      "instances": [
        {
          "index_key": 0,
          "schema_version": 0,
          "attributes": {
            "allocation_id": "eipalloc-09f7369ddb46f91f0",
            "connectivity_type": "public",
            "id": "nat-011b9a7ca8854c52c",
            "network_interface_id": "eni-0237f44c635e02d4f",
            "private_ip": "172.16.2.209",
            "public_ip": "13.235.35.240",
            "subnet_id": "subnet-00987a565ed287b46",
            "tags": {},
            "tags_all": {}
          },
          "sensitive_attributes": [],
          "private": "bnVsbA==",
          "dependencies": [
            "aws_eip.eip_natgw2",
            "aws_subnet.pub_sub2",
            "aws_vpc.main"
          ]
        }
      ]
    },
    {
      "mode": "managed",
      "type": "aws_route_table",
      "name": "prv_sub1_rt",
      "provider": "provider[\"registry.terraform.io/hashicorp/aws\"]",
      "instances": [
        {
          "index_key": 0,
          "schema_version": 0,
          "attributes": {
            "arn": "arn:aws:ec2:ap-south-1:502203921648:route-table/rtb-0282cad26e1570df6",
            "id": "rtb-0282cad26e1570df6",
            "owner_id": "502203921648",
            "propagating_vgws": [],
            "route": [
              {
                "carrier_gateway_id": "",
                "cidr_block": "0.0.0.0/0",
                "core_network_arn": "",
                "destination_prefix_list_id": "",
                "egress_only_gateway_id": "",
                "gateway_id": "",
                "instance_id": "",
                "ipv6_cidr_block": "",
                "local_gateway_id": "",
                "nat_gateway_id": "nat-0ada444d43db602eb",
                "network_interface_id": "",
                "transit_gateway_id": "",
                "vpc_endpoint_id": "",
                "vpc_peering_connection_id": ""
              }
            ],
            "tags": {
              "Name": "private subnet1 route table",
              "Project": "demo-assignment"
            },
            "tags_all": {
              "Name": "private subnet1 route table",
              "Project": "demo-assignment"
            },
            "timeouts": null,
            "vpc_id": "vpc-09b0762cb83aff7a1"
          },
          "sensitive_attributes": [],
          "private": "eyJlMmJmYjczMC1lY2FhLTExZTYtOGY4OC0zNDM2M2JjN2M0YzAiOnsiY3JlYXRlIjozMDAwMDAwMDAwMDAsImRlbGV0ZSI6MzAwMDAwMDAwMDAwLCJ1cGRhdGUiOjEyMDAwMDAwMDAwMH19",
          "dependencies": [
            "aws_eip.eip_natgw1",
            "aws_nat_gateway.natgateway_1",
            "aws_subnet.pub_sub1",
            "aws_vpc.main"
          ]
        }
      ]
    },
    {
      "mode": "managed",
      "type": "aws_route_table",
      "name": "prv_sub2_rt",
      "provider": "provider[\"registry.terraform.io/hashicorp/aws\"]",
      "instances": [
        {
          "index_key": 0,
          "schema_version": 0,
          "attributes": {
            "arn": "arn:aws:ec2:ap-south-1:502203921648:route-table/rtb-0fb34096c18be97eb",
            "id": "rtb-0fb34096c18be97eb",
            "owner_id": "502203921648",
            "propagating_vgws": [],
            "route": [
              {
                "carrier_gateway_id": "",
                "cidr_block": "0.0.0.0/0",
                "core_network_arn": "",
                "destination_prefix_list_id": "",
                "egress_only_gateway_id": "",
                "gateway_id": "",
                "instance_id": "",
                "ipv6_cidr_block": "",
                "local_gateway_id": "",
                "nat_gateway_id": "nat-011b9a7ca8854c52c",
                "network_interface_id": "",
                "transit_gateway_id": "",
                "vpc_endpoint_id": "",
                "vpc_peering_connection_id": ""
              }
            ],
            "tags": {
              "Name": "private subnet2 route table",
              "Project": "demo-assignment"
            },
            "tags_all": {
              "Name": "private subnet2 route table",
              "Project": "demo-assignment"
            },
            "timeouts": null,
            "vpc_id": "vpc-09b0762cb83aff7a1"
          },
          "sensitive_attributes": [],
          "private": "eyJlMmJmYjczMC1lY2FhLTExZTYtOGY4OC0zNDM2M2JjN2M0YzAiOnsiY3JlYXRlIjozMDAwMDAwMDAwMDAsImRlbGV0ZSI6MzAwMDAwMDAwMDAwLCJ1cGRhdGUiOjEyMDAwMDAwMDAwMH19",
          "dependencies": [
            "aws_eip.eip_natgw2",
            "aws_nat_gateway.natgateway_2",
            "aws_subnet.pub_sub2",
            "aws_vpc.main"
          ]
        }
      ]
    },
    {
      "mode": "managed",
      "type": "aws_route_table",
      "name": "pub_sub1_rt",
      "provider": "provider[\"registry.terraform.io/hashicorp/aws\"]",
      "instances": [
        {
          "schema_version": 0,
          "attributes": {
            "arn": "arn:aws:ec2:ap-south-1:502203921648:route-table/rtb-03b22ee83448ba4cc",
            "id": "rtb-03b22ee83448ba4cc",
            "owner_id": "502203921648",
            "propagating_vgws": [],
            "route": [
              {
                "carrier_gateway_id": "",
                "cidr_block": "0.0.0.0/0",
                "core_network_arn": "",
                "destination_prefix_list_id": "",
                "egress_only_gateway_id": "",
                "gateway_id": "igw-08ab094f88e2bf11c",
                "instance_id": "",
                "ipv6_cidr_block": "",
                "local_gateway_id": "",
                "nat_gateway_id": "",
                "network_interface_id": "",
                "transit_gateway_id": "",
                "vpc_endpoint_id": "",
                "vpc_peering_connection_id": ""
              }
            ],
            "tags": {
              "Name": "public subnet route table",
              "Project": "demo-assignment"
            },
            "tags_all": {
              "Name": "public subnet route table",
              "Project": "demo-assignment"
            },
            "timeouts": null,
            "vpc_id": "vpc-09b0762cb83aff7a1"
          },
          "sensitive_attributes": [],
          "private": "eyJlMmJmYjczMC1lY2FhLTExZTYtOGY4OC0zNDM2M2JjN2M0YzAiOnsiY3JlYXRlIjozMDAwMDAwMDAwMDAsImRlbGV0ZSI6MzAwMDAwMDAwMDAwLCJ1cGRhdGUiOjEyMDAwMDAwMDAwMH19",
          "dependencies": [
            "aws_internet_gateway.igw",
            "aws_vpc.main"
          ]
        }
      ]
    },
    {
      "mode": "managed",
      "type": "aws_route_table_association",
      "name": "internet_for_pub_sub1",
      "provider": "provider[\"registry.terraform.io/hashicorp/aws\"]",
      "instances": [
        {
          "schema_version": 0,
          "attributes": {
            "gateway_id": "",
            "id": "rtbassoc-059dafd69cca60071",
            "route_table_id": "rtb-03b22ee83448ba4cc",
            "subnet_id": "subnet-0d540071353ce1fe3"
          },
          "sensitive_attributes": []
        }
      ]
    },
    {
      "mode": "managed",
      "type": "aws_route_table_association",
      "name": "internet_for_pub_sub2",
      "provider": "provider[\"registry.terraform.io/hashicorp/aws\"]",
      "instances": [
        {
          "schema_version": 0,
          "attributes": {
            "gateway_id": "",
            "id": "rtbassoc-0973fad4611859451",
            "route_table_id": "rtb-03b22ee83448ba4cc",
            "subnet_id": "subnet-00987a565ed287b46"
          },
          "sensitive_attributes": []
        }
      ]
    },
    {
      "mode": "managed",
      "type": "aws_route_table_association",
      "name": "pri_sub1_to_natgw1",
      "provider": "provider[\"registry.terraform.io/hashicorp/aws\"]",
      "instances": [
        {
          "index_key": 0,
          "schema_version": 0,
          "attributes": {
            "gateway_id": "",
            "id": "rtbassoc-018f8c6fd34770769",
            "route_table_id": "rtb-0282cad26e1570df6",
            "subnet_id": "subnet-021353de6919a12c9"
          },
          "sensitive_attributes": []
        }
      ]
    },
    {
      "mode": "managed",
      "type": "aws_route_table_association",
      "name": "pri_sub2_to_natgw1",
      "provider": "provider[\"registry.terraform.io/hashicorp/aws\"]",
      "instances": [
        {
          "index_key": 0,
          "schema_version": 0,
          "attributes": {
            "gateway_id": "",
            "id": "rtbassoc-03376961c7679d2dd",
            "route_table_id": "rtb-0fb34096c18be97eb",
            "subnet_id": "subnet-07b53fcf478d789ef"
          },
          "sensitive_attributes": []
        }
      ]
    },
    {
      "mode": "managed",
      "type": "aws_security_group",
      "name": "elb_sg",
      "provider": "provider[\"registry.terraform.io/hashicorp/aws\"]",
      "instances": [
        {
          "schema_version": 1,
          "attributes": {
            "arn": "arn:aws:ec2:ap-south-1:502203921648:security-group/sg-0e80859778b352a67",
            "description": "SG for application load balancer",
            "egress": [
              {
                "cidr_blocks": [
                  "0.0.0.0/0"
                ],
                "description": "",
                "from_port": 0,
                "ipv6_cidr_blocks": [
                  "::/0"
                ],
                "prefix_list_ids": [],
                "protocol": "-1",
                "security_groups": [],
                "self": false,
                "to_port": 0
              }
            ],
            "id": "sg-0e80859778b352a67",
            "ingress": [
              {
                "cidr_blocks": [
                  "0.0.0.0/0"
                ],
                "description": "HTTP",
                "from_port": 80,
                "ipv6_cidr_blocks": [],
                "prefix_list_ids": [],
                "protocol": "tcp",
                "security_groups": [],
                "self": false,
                "to_port": 80
              }
            ],
            "name": "alb_sg",
            "name_prefix": "",
            "owner_id": "502203921648",
            "revoke_rules_on_delete": false,
            "tags": {
              "Name": "SG for ALB",
              "Project": "demo-assignment"
            },
            "tags_all": {
              "Name": "SG for ALB",
              "Project": "demo-assignment"
            },
            "timeouts": null,
            "vpc_id": "vpc-09b0762cb83aff7a1"
          },
          "sensitive_attributes": [],
          "private": "eyJlMmJmYjczMC1lY2FhLTExZTYtOGY4OC0zNDM2M2JjN2M0YzAiOnsiY3JlYXRlIjo2MDAwMDAwMDAwMDAsImRlbGV0ZSI6OTAwMDAwMDAwMDAwfSwic2NoZW1hX3ZlcnNpb24iOiIxIn0=",
          "dependencies": [
            "aws_vpc.main"
          ]
        }
      ]
    },
    {
      "mode": "managed",
      "type": "aws_security_group",
      "name": "webserver_sg",
      "provider": "provider[\"registry.terraform.io/hashicorp/aws\"]",
      "instances": [
        {
          "schema_version": 1,
          "attributes": {
            "arn": "arn:aws:ec2:ap-south-1:502203921648:security-group/sg-011dc156d02c35a2f",
            "description": "SG for web server",
            "egress": [
              {
                "cidr_blocks": [
                  "0.0.0.0/0"
                ],
                "description": "",
                "from_port": 0,
                "ipv6_cidr_blocks": [
                  "::/0"
                ],
                "prefix_list_ids": [],
                "protocol": "-1",
                "security_groups": [],
                "self": false,
                "to_port": 0
              }
            ],
            "id": "sg-011dc156d02c35a2f",
            "ingress": [
              {
                "cidr_blocks": [
                  "0.0.0.0/0"
                ],
                "description": "HTTP",
                "from_port": 22,
                "ipv6_cidr_blocks": [],
                "prefix_list_ids": [],
                "protocol": "tcp",
                "security_groups": [],
                "self": false,
                "to_port": 22
              },
              {
                "cidr_blocks": [
                  "0.0.0.0/0"
                ],
                "description": "HTTP",
                "from_port": 80,
                "ipv6_cidr_blocks": [],
                "prefix_list_ids": [],
                "protocol": "tcp",
                "security_groups": [],
                "self": false,
                "to_port": 80
              }
            ],
            "name": "webserver_sg",
            "name_prefix": "",
            "owner_id": "502203921648",
            "revoke_rules_on_delete": false,
            "tags": {
              "Name": "SG for web",
              "Project": "demo-assignment"
            },
            "tags_all": {
              "Name": "SG for web",
              "Project": "demo-assignment"
            },
            "timeouts": null,
            "vpc_id": "vpc-09b0762cb83aff7a1"
          },
          "sensitive_attributes": [],
          "private": "eyJlMmJmYjczMC1lY2FhLTExZTYtOGY4OC0zNDM2M2JjN2M0YzAiOnsiY3JlYXRlIjo2MDAwMDAwMDAwMDAsImRlbGV0ZSI6OTAwMDAwMDAwMDAwfSwic2NoZW1hX3ZlcnNpb24iOiIxIn0=",
          "dependencies": [
            "aws_vpc.main"
          ],
          "create_before_destroy": true
        }
      ]
    },
    {
      "mode": "managed",
      "type": "aws_subnet",
      "name": "prv_sub1",
      "provider": "provider[\"registry.terraform.io/hashicorp/aws\"]",
      "instances": [
        {
          "schema_version": 1,
          "attributes": {
            "arn": "arn:aws:ec2:ap-south-1:502203921648:subnet/subnet-021353de6919a12c9",
            "assign_ipv6_address_on_creation": false,
            "availability_zone": "ap-south-1a",
            "availability_zone_id": "aps1-az1",
            "cidr_block": "172.16.3.0/24",
            "customer_owned_ipv4_pool": "",
            "enable_dns64": false,
            "enable_resource_name_dns_a_record_on_launch": false,
            "enable_resource_name_dns_aaaa_record_on_launch": false,
            "id": "subnet-021353de6919a12c9",
            "ipv6_cidr_block": "",
            "ipv6_cidr_block_association_id": "",
            "ipv6_native": false,
            "map_customer_owned_ip_on_launch": false,
            "map_public_ip_on_launch": false,
            "outpost_arn": "",
            "owner_id": "502203921648",
            "private_dns_hostname_type_on_launch": "ip-name",
            "tags": {
              "Name": "private_subnet1",
              "Project": "demo-assignment"
            },
            "tags_all": {
              "Name": "private_subnet1",
              "Project": "demo-assignment"
            },
            "timeouts": null,
            "vpc_id": "vpc-09b0762cb83aff7a1"
          },
          "sensitive_attributes": [],
          "private": "eyJlMmJmYjczMC1lY2FhLTExZTYtOGY4OC0zNDM2M2JjN2M0YzAiOnsiY3JlYXRlIjo2MDAwMDAwMDAwMDAsImRlbGV0ZSI6MTIwMDAwMDAwMDAwMH0sInNjaGVtYV92ZXJzaW9uIjoiMSJ9",
          "dependencies": [
            "aws_vpc.main"
          ]
        }
      ]
    },
    {
      "mode": "managed",
      "type": "aws_subnet",
      "name": "prv_sub2",
      "provider": "provider[\"registry.terraform.io/hashicorp/aws\"]",
      "instances": [
        {
          "schema_version": 1,
          "attributes": {
            "arn": "arn:aws:ec2:ap-south-1:502203921648:subnet/subnet-07b53fcf478d789ef",
            "assign_ipv6_address_on_creation": false,
            "availability_zone": "ap-south-1b",
            "availability_zone_id": "aps1-az3",
            "cidr_block": "172.16.4.0/24",
            "customer_owned_ipv4_pool": "",
            "enable_dns64": false,
            "enable_resource_name_dns_a_record_on_launch": false,
            "enable_resource_name_dns_aaaa_record_on_launch": false,
            "id": "subnet-07b53fcf478d789ef",
            "ipv6_cidr_block": "",
            "ipv6_cidr_block_association_id": "",
            "ipv6_native": false,
            "map_customer_owned_ip_on_launch": false,
            "map_public_ip_on_launch": false,
            "outpost_arn": "",
            "owner_id": "502203921648",
            "private_dns_hostname_type_on_launch": "ip-name",
            "tags": {
              "Name": "private_subnet2",
              "Project": "demo-assignment"
            },
            "tags_all": {
              "Name": "private_subnet2",
              "Project": "demo-assignment"
            },
            "timeouts": null,
            "vpc_id": "vpc-09b0762cb83aff7a1"
          },
          "sensitive_attributes": [],
          "private": "eyJlMmJmYjczMC1lY2FhLTExZTYtOGY4OC0zNDM2M2JjN2M0YzAiOnsiY3JlYXRlIjo2MDAwMDAwMDAwMDAsImRlbGV0ZSI6MTIwMDAwMDAwMDAwMH0sInNjaGVtYV92ZXJzaW9uIjoiMSJ9",
          "dependencies": [
            "aws_vpc.main"
          ]
        }
      ]
    },
    {
      "mode": "managed",
      "type": "aws_subnet",
      "name": "pub_sub1",
      "provider": "provider[\"registry.terraform.io/hashicorp/aws\"]",
      "instances": [
        {
          "schema_version": 1,
          "attributes": {
            "arn": "arn:aws:ec2:ap-south-1:502203921648:subnet/subnet-0d540071353ce1fe3",
            "assign_ipv6_address_on_creation": false,
            "availability_zone": "ap-south-1a",
            "availability_zone_id": "aps1-az1",
            "cidr_block": "172.16.1.0/24",
            "customer_owned_ipv4_pool": "",
            "enable_dns64": false,
            "enable_resource_name_dns_a_record_on_launch": false,
            "enable_resource_name_dns_aaaa_record_on_launch": false,
            "id": "subnet-0d540071353ce1fe3",
            "ipv6_cidr_block": "",
            "ipv6_cidr_block_association_id": "",
            "ipv6_native": false,
            "map_customer_owned_ip_on_launch": false,
            "map_public_ip_on_launch": true,
            "outpost_arn": "",
            "owner_id": "502203921648",
            "private_dns_hostname_type_on_launch": "ip-name",
            "tags": {
              "Name": "public_subnet1",
              "Project": "demo-assignment"
            },
            "tags_all": {
              "Name": "public_subnet1",
              "Project": "demo-assignment"
            },
            "timeouts": null,
            "vpc_id": "vpc-09b0762cb83aff7a1"
          },
          "sensitive_attributes": [],
          "private": "eyJlMmJmYjczMC1lY2FhLTExZTYtOGY4OC0zNDM2M2JjN2M0YzAiOnsiY3JlYXRlIjo2MDAwMDAwMDAwMDAsImRlbGV0ZSI6MTIwMDAwMDAwMDAwMH0sInNjaGVtYV92ZXJzaW9uIjoiMSJ9",
          "dependencies": [
            "aws_vpc.main"
          ]
        }
      ]
    },
    {
      "mode": "managed",
      "type": "aws_subnet",
      "name": "pub_sub2",
      "provider": "provider[\"registry.terraform.io/hashicorp/aws\"]",
      "instances": [
        {
          "schema_version": 1,
          "attributes": {
            "arn": "arn:aws:ec2:ap-south-1:502203921648:subnet/subnet-00987a565ed287b46",
            "assign_ipv6_address_on_creation": false,
            "availability_zone": "ap-south-1b",
            "availability_zone_id": "aps1-az3",
            "cidr_block": "172.16.2.0/24",
            "customer_owned_ipv4_pool": "",
            "enable_dns64": false,
            "enable_resource_name_dns_a_record_on_launch": false,
            "enable_resource_name_dns_aaaa_record_on_launch": false,
            "id": "subnet-00987a565ed287b46",
            "ipv6_cidr_block": "",
            "ipv6_cidr_block_association_id": "",
            "ipv6_native": false,
            "map_customer_owned_ip_on_launch": false,
            "map_public_ip_on_launch": true,
            "outpost_arn": "",
            "owner_id": "502203921648",
            "private_dns_hostname_type_on_launch": "ip-name",
            "tags": {
              "Name": "public_subnet2",
              "Project": "demo-assignment"
            },
            "tags_all": {
              "Name": "public_subnet2",
              "Project": "demo-assignment"
            },
            "timeouts": null,
            "vpc_id": "vpc-09b0762cb83aff7a1"
          },
          "sensitive_attributes": [],
          "private": "eyJlMmJmYjczMC1lY2FhLTExZTYtOGY4OC0zNDM2M2JjN2M0YzAiOnsiY3JlYXRlIjo2MDAwMDAwMDAwMDAsImRlbGV0ZSI6MTIwMDAwMDAwMDAwMH0sInNjaGVtYV92ZXJzaW9uIjoiMSJ9",
          "dependencies": [
            "aws_vpc.main"
          ]
        }
      ]
    },
    {
      "mode": "managed",
      "type": "aws_vpc",
      "name": "main",
      "provider": "provider[\"registry.terraform.io/hashicorp/aws\"]",
      "instances": [
        {
          "schema_version": 1,
          "attributes": {
            "arn": "arn:aws:ec2:ap-south-1:502203921648:vpc/vpc-09b0762cb83aff7a1",
            "assign_generated_ipv6_cidr_block": false,
            "cidr_block": "172.16.0.0/16",
            "default_network_acl_id": "acl-0a7e8094ebcc5c12c",
            "default_route_table_id": "rtb-0d00f734f06feaac2",
            "default_security_group_id": "sg-04a8bce9c37c39dc2",
            "dhcp_options_id": "dopt-0285b8a59a4095f22",
            "enable_classiclink": false,
            "enable_classiclink_dns_support": false,
            "enable_dns_hostnames": false,
            "enable_dns_support": true,
            "id": "vpc-09b0762cb83aff7a1",
            "instance_tenancy": "default",
            "ipv4_ipam_pool_id": null,
            "ipv4_netmask_length": null,
            "ipv6_association_id": "",
            "ipv6_cidr_block": "",
            "ipv6_cidr_block_network_border_group": "",
            "ipv6_ipam_pool_id": "",
            "ipv6_netmask_length": 0,
            "main_route_table_id": "rtb-0d00f734f06feaac2",
            "owner_id": "502203921648",
            "tags": {
              "Name": "My Demo VPC",
              "Project": "demo-assignment"
            },
            "tags_all": {
              "Name": "My Demo VPC",
              "Project": "demo-assignment"
            }
          },
          "sensitive_attributes": [],
          "private": "eyJzY2hlbWFfdmVyc2lvbiI6IjEifQ==",
          "create_before_destroy": true
        }
      ]
    }
  ]
}
